
Microsoft Visual Studio Solution File, Format Version 12.00
# Visual Studio Version 16
VisualStudioVersion = 16.0.30011.22
MinimumVisualStudioVersion = 10.0.40219.1
Project("{2150E333-8FDC-42A3-9474-1A3956D46DE8}") = "src", "src", "{885D3E9E-3B75-4A05-91AA-FB8F8DAD9B50}"
EndProject
Project("{2150E333-8FDC-42A3-9474-1A3956D46DE8}") = "1.Presentation", "1.Presentation", "{EB142467-AE64-48FD-A6A6-DD353B397466}"
EndProject
Project("{2150E333-8FDC-42A3-9474-1A3956D46DE8}") = "2.Services", "2.Services", "{C01263B1-E5A5-400A-9121-4F056C41AAE2}"
EndProject
Project("{9A19103F-16F7-4668-BE54-9A1E7A4F7556}") = "JEvents.WEB", "JEvents.WEB\JEvents.WEB.csproj", "{6F4C6B3A-CD09-4064-8A6E-4A206E693257}"
EndProject
Project("{9A19103F-16F7-4668-BE54-9A1E7A4F7556}") = "JEvents.API", "JEvents.API\JEvents.API.csproj", "{98651118-2D03-4BA6-960A-935139C10FD9}"
EndProject
Project("{2150E333-8FDC-42A3-9474-1A3956D46DE8}") = "Client", "Client", "{33C6C746-9CBB-408E-84FB-1B0F4448D277}"
EndProject
Project("{2150E333-8FDC-42A3-9474-1A3956D46DE8}") = "Web", "Web", "{43A008AF-3E9B-476C-A730-3038B732FFF9}"
EndProject
Project("{9A19103F-16F7-4668-BE54-9A1E7A4F7556}") = "JEvents.Client", "JEvents.Client\JEvents.Client.csproj", "{F9B7B270-FE40-4946-BB41-7D88BE682899}"
EndProject
Project("{2150E333-8FDC-42A3-9474-1A3956D46DE8}") = "test", "test", "{D1562F90-494F-4D33-8869-93A8DF9F1C89}"
EndProject
Project("{2150E333-8FDC-42A3-9474-1A3956D46DE8}") = "Services", "Services", "{F98CBE41-B383-416B-9C43-3E95728BB54F}"
EndProject
Project("{FAE04EC0-301F-11D3-BF4B-00C04F79EFBC}") = "JEventsAPI.Tests", "JEventsAPI.Tests\JEventsAPI.Tests.csproj", "{533061E2-2CDB-433F-82D7-238260B90154}"
EndProject
Global
	GlobalSection(SolutionConfigurationPlatforms) = preSolution
		Debug|Any CPU = Debug|Any CPU
		Release|Any CPU = Release|Any CPU
	EndGlobalSection
	GlobalSection(ProjectConfigurationPlatforms) = postSolution
		{6F4C6B3A-CD09-4064-8A6E-4A206E693257}.Debug|Any CPU.ActiveCfg = Debug|Any CPU
		{6F4C6B3A-CD09-4064-8A6E-4A206E693257}.Debug|Any CPU.Build.0 = Debug|Any CPU
		{6F4C6B3A-CD09-4064-8A6E-4A206E693257}.Release|Any CPU.ActiveCfg = Release|Any CPU
		{6F4C6B3A-CD09-4064-8A6E-4A206E693257}.Release|Any CPU.Build.0 = Release|Any CPU
		{98651118-2D03-4BA6-960A-935139C10FD9}.Debug|Any CPU.ActiveCfg = Debug|Any CPU
		{98651118-2D03-4BA6-960A-935139C10FD9}.Debug|Any CPU.Build.0 = Debug|Any CPU
		{98651118-2D03-4BA6-960A-935139C10FD9}.Release|Any CPU.ActiveCfg = Release|Any CPU
		{98651118-2D03-4BA6-960A-935139C10FD9}.Release|Any CPU.Build.0 = Release|Any CPU
		{F9B7B270-FE40-4946-BB41-7D88BE682899}.Debug|Any CPU.ActiveCfg = Debug|Any CPU
		{F9B7B270-FE40-4946-BB41-7D88BE682899}.Debug|Any CPU.Build.0 = Debug|Any CPU
		{F9B7B270-FE40-4946-BB41-7D88BE682899}.Release|Any CPU.ActiveCfg = Release|Any CPU
		{F9B7B270-FE40-4946-BB41-7D88BE682899}.Release|Any CPU.Build.0 = Release|Any CPU
		{533061E2-2CDB-433F-82D7-238260B90154}.Debug|Any CPU.ActiveCfg = Debug|Any CPU
		{533061E2-2CDB-433F-82D7-238260B90154}.Debug|Any CPU.Build.0 = Debug|Any CPU
		{533061E2-2CDB-433F-82D7-238260B90154}.Release|Any CPU.ActiveCfg = Release|Any CPU
		{533061E2-2CDB-433F-82D7-238260B90154}.Release|Any CPU.Build.0 = Release|Any CPU
	EndGlobalSection
	GlobalSection(SolutionProperties) = preSolution
		HideSolutionNode = FALSE
	EndGlobalSection
	GlobalSection(NestedProjects) = preSolution
		{EB142467-AE64-48FD-A6A6-DD353B397466} = {885D3E9E-3B75-4A05-91AA-FB8F8DAD9B50}
		{C01263B1-E5A5-400A-9121-4F056C41AAE2} = {885D3E9E-3B75-4A05-91AA-FB8F8DAD9B50}
		{6F4C6B3A-CD09-4064-8A6E-4A206E693257} = {43A008AF-3E9B-476C-A730-3038B732FFF9}
		{98651118-2D03-4BA6-960A-935139C10FD9} = {C01263B1-E5A5-400A-9121-4F056C41AAE2}
		{33C6C746-9CBB-408E-84FB-1B0F4448D277} = {EB142467-AE64-48FD-A6A6-DD353B397466}
		{43A008AF-3E9B-476C-A730-3038B732FFF9} = {EB142467-AE64-48FD-A6A6-DD353B397466}
		{F9B7B270-FE40-4946-BB41-7D88BE682899} = {33C6C746-9CBB-408E-84FB-1B0F4448D277}
		{F98CBE41-B383-416B-9C43-3E95728BB54F} = {D1562F90-494F-4D33-8869-93A8DF9F1C89}
		{533061E2-2CDB-433F-82D7-238260B90154} = {F98CBE41-B383-416B-9C43-3E95728BB54F}
	EndGlobalSection
	GlobalSection(ExtensibilityGlobals) = postSolution
		SolutionGuid = {8ADD93F1-F207-4C87-84CB-369F0F3C78FC}
	EndGlobalSection
EndGlobal
